
Microsoft Visual Studio Solution File, Format Version 12.00
# Visual Studio Version 17
VisualStudioVersion = 17.14.36623.8 d17.14
MinimumVisualStudioVersion = 10.0.40219.1
Project("{FAE04EC0-301F-11D3-BF4B-00C04F79EFBC}") = "BTTL_01", "BTTL_01\BTTL_01.csproj", "{8E4EC94A-9408-4CCD-83E7-81B1A7B286B3}"
EndProject
Global
	GlobalSection(SolutionConfigurationPlatforms) = preSolution
		Debug|Any CPU = Debug|Any CPU
		Release|Any CPU = Release|Any CPU
	EndGlobalSection
	GlobalSection(ProjectConfigurationPlatforms) = postSolution
		{8E4EC94A-9408-4CCD-83E7-81B1A7B286B3}.Debug|Any CPU.ActiveCfg = Debug|Any CPU
		{8E4EC94A-9408-4CCD-83E7-81B1A7B286B3}.Debug|Any CPU.Build.0 = Debug|Any CPU
		{8E4EC94A-9408-4CCD-83E7-81B1A7B286B3}.Release|Any CPU.ActiveCfg = Release|Any CPU
		{8E4EC94A-9408-4CCD-83E7-81B1A7B286B3}.Release|Any CPU.Build.0 = Release|Any CPU
	EndGlobalSection
	GlobalSection(SolutionProperties) = preSolution
		HideSolutionNode = FALSE
	EndGlobalSection
	GlobalSection(ExtensibilityGlobals) = postSolution
		SolutionGuid = {38044802-5A73-4544-82F2-F3556F8F5F4C}
	EndGlobalSection
EndGlobal
